<?xml version="1.0" encoding="utf-8"?>
<Project ToolsVersion="15.0" xmlns="http://schemas.microsoft.com/developer/msbuild/2003">
  <ItemGroup>
    <ClCompile Include="D:\XuYANCI\XuYanci\Project\QTInnoMaker\build-QTInnoMaker-Desktop_Qt_5_15_2_MSVC2019_32bit\QTInnoMaker_autogen\mocs_compilation_Debug.cpp">
      <Filter>Source Files</Filter>
    </ClCompile>
    <ClCompile Include="D:\XuYANCI\XuYanci\Project\QTInnoMaker\QTInnoMaker\main.cpp">
      <Filter>Source Files</Filter>
    </ClCompile>
    <ClCompile Include="D:\XuYANCI\XuYanci\Project\QTInnoMaker\QTInnoMaker\mainwindow.cpp">
      <Filter>Source Files</Filter>
    </ClCompile>
    <ClCompile Include="D:\XuYANCI\XuYanci\Project\QTInnoMaker\QTInnoMaker\delay_sender.cpp">
      <Filter>Source Files</Filter>
    </ClCompile>
    <ClCompile Include="D:\XuYANCI\XuYanci\Project\QTInnoMaker\QTInnoMaker\formatter.cpp">
      <Filter>Source Files</Filter>
    </ClCompile>
    <ClCompile Include="D:\XuYANCI\XuYanci\Project\QTInnoMaker\QTInnoMaker\worker.cpp">
      <Filter>Source Files</Filter>
    </ClCompile>
    <ClCompile Include="D:\XuYANCI\XuYanci\Project\QTInnoMaker\QTInnoMaker\DeviceHotplug.cpp">
      <Filter>Source Files</Filter>
    </ClCompile>
    <ClCompile Include="D:\XuYANCI\XuYanci\Project\QTInnoMaker\build-QTInnoMaker-Desktop_Qt_5_15_2_MSVC2019_32bit\QTInnoMaker_autogen\mocs_compilation_Release.cpp">
      <Filter>Source Files</Filter>
    </ClCompile>
    <ClCompile Include="D:\XuYANCI\XuYanci\Project\QTInnoMaker\build-QTInnoMaker-Desktop_Qt_5_15_2_MSVC2019_32bit\QTInnoMaker_autogen\mocs_compilation_MinSizeRel.cpp">
      <Filter>Source Files</Filter>
    </ClCompile>
    <ClCompile Include="D:\XuYANCI\XuYanci\Project\QTInnoMaker\build-QTInnoMaker-Desktop_Qt_5_15_2_MSVC2019_32bit\QTInnoMaker_autogen\mocs_compilation_RelWithDebInfo.cpp">
      <Filter>Source Files</Filter>
    </ClCompile>
  </ItemGroup>
  <ItemGroup>
    <ClInclude Include="D:\XuYANCI\XuYanci\Project\QTInnoMaker\QTInnoMaker\mainwindow.h">
      <Filter>Header Files</Filter>
    </ClInclude>
    <ClInclude Include="D:\XuYANCI\XuYanci\Project\QTInnoMaker\QTInnoMaker\delay_sender.h">
      <Filter>Header Files</Filter>
    </ClInclude>
    <ClInclude Include="D:\XuYANCI\XuYanci\Project\QTInnoMaker\QTInnoMaker\formatter.h">
      <Filter>Header Files</Filter>
    </ClInclude>
    <ClInclude Include="D:\XuYANCI\XuYanci\Project\QTInnoMaker\QTInnoMaker\worker.h">
      <Filter>Header Files</Filter>
    </ClInclude>
    <ClInclude Include="D:\XuYANCI\XuYanci\Project\QTInnoMaker\QTInnoMaker\DeviceHotplug.h">
      <Filter>Header Files</Filter>
    </ClInclude>
    <ClInclude Include="D:\XuYANCI\XuYanci\Project\QTInnoMaker\build-QTInnoMaker-Desktop_Qt_5_15_2_MSVC2019_32bit\QTInnoMaker_autogen\include_Debug\ui_mainwindow.h">
      <Filter>Header Files</Filter>
    </ClInclude>
    <ClInclude Include="D:\XuYANCI\XuYanci\Project\QTInnoMaker\build-QTInnoMaker-Desktop_Qt_5_15_2_MSVC2019_32bit\QTInnoMaker_autogen\include_Release\ui_mainwindow.h">
      <Filter>Header Files</Filter>
    </ClInclude>
    <ClInclude Include="D:\XuYANCI\XuYanci\Project\QTInnoMaker\build-QTInnoMaker-Desktop_Qt_5_15_2_MSVC2019_32bit\QTInnoMaker_autogen\include_MinSizeRel\ui_mainwindow.h">
      <Filter>Header Files</Filter>
    </ClInclude>
    <ClInclude Include="D:\XuYANCI\XuYanci\Project\QTInnoMaker\build-QTInnoMaker-Desktop_Qt_5_15_2_MSVC2019_32bit\QTInnoMaker_autogen\include_RelWithDebInfo\ui_mainwindow.h">
      <Filter>Header Files</Filter>
    </ClInclude>
  </ItemGroup>
  <ItemGroup>
    <CustomBuild Include="D:\XuYANCI\XuYanci\Project\QTInnoMaker\build-QTInnoMaker-Desktop_Qt_5_15_2_MSVC2019_32bit\CMakeFiles\8e3246c2d71d42d8a249b907e1642eab\QTInnoMaker_en_AS.ts.rule">
      <Filter>CMake Rules</Filter>
    </CustomBuild>
    <CustomBuild Include="D:\XuYANCI\XuYanci\Project\QTInnoMaker\build-QTInnoMaker-Desktop_Qt_5_15_2_MSVC2019_32bit\CMakeFiles\e94f3e4869d74051e9c1396601574151\autouic_(CONFIG).stamp.rule">
      <Filter>CMake Rules</Filter>
    </CustomBuild>
    <CustomBuild Include="D:\XuYANCI\XuYanci\Project\QTInnoMaker\QTInnoMaker\CMakeLists.txt" />
  </ItemGroup>
  <ItemGroup>
    <None Include="D:\XuYANCI\XuYanci\Project\QTInnoMaker\QTInnoMaker\mainwindow.ui" />
    <None Include="D:\XuYANCI\XuYanci\Project\QTInnoMaker\QTInnoMaker\QTInnoMaker_en_AS.ts" />
    <None Include="D:\XuYANCI\XuYanci\Project\QTInnoMaker\build-QTInnoMaker-Desktop_Qt_5_15_2_MSVC2019_32bit\QTInnoMaker_autogen\autouic_Debug.stamp" />
    <None Include="D:\XuYANCI\XuYanci\Project\QTInnoMaker\build-QTInnoMaker-Desktop_Qt_5_15_2_MSVC2019_32bit\QTInnoMaker_autogen\autouic_Release.stamp" />
    <None Include="D:\XuYANCI\XuYanci\Project\QTInnoMaker\build-QTInnoMaker-Desktop_Qt_5_15_2_MSVC2019_32bit\QTInnoMaker_autogen\autouic_MinSizeRel.stamp" />
    <None Include="D:\XuYANCI\XuYanci\Project\QTInnoMaker\build-QTInnoMaker-Desktop_Qt_5_15_2_MSVC2019_32bit\QTInnoMaker_autogen\autouic_RelWithDebInfo.stamp" />
  </ItemGroup>
  <ItemGroup>
    <Filter Include="CMake Rules">
      <UniqueIdentifier>{54CF5674-24E0-3BFD-82F3-D1E221BC49EC}</UniqueIdentifier>
    </Filter>
    <Filter Include="Header Files">
      <UniqueIdentifier>{A8A3EAFC-77A1-3023-9D91-1C2900CA4666}</UniqueIdentifier>
    </Filter>
    <Filter Include="Source Files">
      <UniqueIdentifier>{FED2613F-1A9E-345C-8BA8-6850AE87A985}</UniqueIdentifier>
    </Filter>
  </ItemGroup>
</Project>
